
Microsoft Visual Studio Solution File, Format Version 12.00
# Visual Studio Version 17
VisualStudioVersion = 17.1.32210.238
MinimumVisualStudioVersion = 10.0.40219.1
Project("{FAE04EC0-301F-11D3-BF4B-00C04F79EFBC}") = "лр5", "лр5\лр5.csproj", "{CDAD58D4-C870-4840-B6E1-FFF9EE5FE2A6}"
EndProject
Global
	GlobalSection(SolutionConfigurationPlatforms) = preSolution
		Debug|Any CPU = Debug|Any CPU
		Release|Any CPU = Release|Any CPU
	EndGlobalSection
	GlobalSection(ProjectConfigurationPlatforms) = postSolution
		{CDAD58D4-C870-4840-B6E1-FFF9EE5FE2A6}.Debug|Any CPU.ActiveCfg = Debug|Any CPU
		{CDAD58D4-C870-4840-B6E1-FFF9EE5FE2A6}.Debug|Any CPU.Build.0 = Debug|Any CPU
		{CDAD58D4-C870-4840-B6E1-FFF9EE5FE2A6}.Release|Any CPU.ActiveCfg = Release|Any CPU
		{CDAD58D4-C870-4840-B6E1-FFF9EE5FE2A6}.Release|Any CPU.Build.0 = Release|Any CPU
	EndGlobalSection
	GlobalSection(SolutionProperties) = preSolution
		HideSolutionNode = FALSE
	EndGlobalSection
	GlobalSection(ExtensibilityGlobals) = postSolution
		SolutionGuid = {0DE015EF-88DB-47C7-BE70-B203140074AE}
	EndGlobalSection
EndGlobal
